# This file is automatically @generated by Wally.
# It is not intended for manual editing.
registry = "test"

[[package]]
name = "pysephwasntavailable/packetprofiler"
version = "0.1.0"
dependencies = [["Roact", "pysephwasntavailable/roact-constant-fork@1.5.0"], ["Signal", "stravant/goodsignal@0.2.1"]]

[[package]]
name = "pysephwasntavailable/roact-constant-fork"
version = "1.5.0"
dependencies = []

[[package]]
name = "stravant/goodsignal"
version = "0.2.1"
dependencies = []
